// !$*UTF8*$!
{
	archiveVersion = 1;
	classes = {
	};
	objectVersion = 46;
	objects = {

/* Begin PBXBuildFile section */
		B12377811B32337F00EC7934 /* SliderImage.png in Resources */ = {isa = PBXBuildFile; fileRef = B12377801B32337F00EC7934 /* SliderImage.png */; };
		B12377831B325CA900EC7934 /* 000000-0.png in Resources */ = {isa = PBXBuildFile; fileRef = B12377821B325CA900EC7934 /* 000000-0.png */; };
		B12377851B32672C00EC7934 /* darkest.png in Resources */ = {isa = PBXBuildFile; fileRef = B12377841B32672C00EC7934 /* darkest.png */; };
		B12377891B32689300EC7934 /* darker.png in Resources */ = {isa = PBXBuildFile; fileRef = B12377861B32689300EC7934 /* darker.png */; };
		B123778A1B32689300EC7934 /* light.png in Resources */ = {isa = PBXBuildFile; fileRef = B12377871B32689300EC7934 /* light.png */; };
		B123778B1B32689300EC7934 /* lighter.png in Resources */ = {isa = PBXBuildFile; fileRef = B12377881B32689300EC7934 /* lighter.png */; };
		B123778F1B326A0600EC7934 /* SliderImageBlue.png in Resources */ = {isa = PBXBuildFile; fileRef = B123778E1B326A0600EC7934 /* SliderImageBlue.png */; };
		B12377921B326A7A00EC7934 /* StumblrDarkBlueMapPin.png in Resources */ = {isa = PBXBuildFile; fileRef = B12377911B326A7A00EC7934 /* StumblrDarkBlueMapPin.png */; };
		B12377941B32725C00EC7934 /* ProfileCardView.swift in Sources */ = {isa = PBXBuildFile; fileRef = B12377931B32725C00EC7934 /* ProfileCardView.swift */; };
		B17F812C1B37A69D00490783 /* Bolts.framework in Frameworks */ = {isa = PBXBuildFile; fileRef = B17F812A1B37A69D00490783 /* Bolts.framework */; };
		B17F812D1B37A69D00490783 /* Parse.framework in Frameworks */ = {isa = PBXBuildFile; fileRef = B17F812B1B37A69D00490783 /* Parse.framework */; };
		B17F812F1B37A73100490783 /* Accounts.framework in Frameworks */ = {isa = PBXBuildFile; fileRef = B17F812E1B37A73100490783 /* Accounts.framework */; };
		B17F81311B37A74000490783 /* AudioToolbox.framework in Frameworks */ = {isa = PBXBuildFile; fileRef = B17F81301B37A74000490783 /* AudioToolbox.framework */; };
		B17F81331B37A74900490783 /* CFNetwork.framework in Frameworks */ = {isa = PBXBuildFile; fileRef = B17F81321B37A74900490783 /* CFNetwork.framework */; };
		B17F81351B37A75300490783 /* CoreGraphics.framework in Frameworks */ = {isa = PBXBuildFile; fileRef = B17F81341B37A75300490783 /* CoreGraphics.framework */; };
		B17F81371B37A75C00490783 /* CoreLocation.framework in Frameworks */ = {isa = PBXBuildFile; fileRef = B17F81361B37A75C00490783 /* CoreLocation.framework */; };
		B17F81391B37A76700490783 /* MobileCoreServices.framework in Frameworks */ = {isa = PBXBuildFile; fileRef = B17F81381B37A76700490783 /* MobileCoreServices.framework */; };
		B17F813B1B37A76F00490783 /* QuartzCore.framework in Frameworks */ = {isa = PBXBuildFile; fileRef = B17F813A1B37A76F00490783 /* QuartzCore.framework */; };
		B17F813D1B37A77900490783 /* Security.framework in Frameworks */ = {isa = PBXBuildFile; fileRef = B17F813C1B37A77900490783 /* Security.framework */; };
		B17F813F1B37A78B00490783 /* Social.framework in Frameworks */ = {isa = PBXBuildFile; fileRef = B17F813E1B37A78B00490783 /* Social.framework */; };
		B17F81411B37A79700490783 /* StoreKit.framework in Frameworks */ = {isa = PBXBuildFile; fileRef = B17F81401B37A79700490783 /* StoreKit.framework */; };
		B17F81431B37A7A200490783 /* SystemConfiguration.framework in Frameworks */ = {isa = PBXBuildFile; fileRef = B17F81421B37A7A200490783 /* SystemConfiguration.framework */; };
		B17F81451B37A7AD00490783 /* libz.dylib in Frameworks */ = {isa = PBXBuildFile; fileRef = B17F81441B37A7AD00490783 /* libz.dylib */; };
		B17F81471B37A7B700490783 /* libsqlite3.dylib in Frameworks */ = {isa = PBXBuildFile; fileRef = B17F81461B37A7B700490783 /* libsqlite3.dylib */; };
		B17F81491B37B6D900490783 /* MKMapViewExtension.swift in Sources */ = {isa = PBXBuildFile; fileRef = B17F81481B37B6D900490783 /* MKMapViewExtension.swift */; };
		B181D2C71B3414EB0098B7C2 /* user.png in Resources */ = {isa = PBXBuildFile; fileRef = B181D2C61B3414EB0098B7C2 /* user.png */; };
		B19538021B285A04005AA0FA /* UIImageExtension.swift in Sources */ = {isa = PBXBuildFile; fileRef = B19538011B285A04005AA0FA /* UIImageExtension.swift */; };
		B19538081B285E2B005AA0FA /* pinGray.png in Resources */ = {isa = PBXBuildFile; fileRef = B19538031B285E2B005AA0FA /* pinGray.png */; };
		B19538091B285E2B005AA0FA /* pinGreen.png in Resources */ = {isa = PBXBuildFile; fileRef = B19538041B285E2B005AA0FA /* pinGreen.png */; };
		B195380A1B285E2B005AA0FA /* pinOrange.png in Resources */ = {isa = PBXBuildFile; fileRef = B19538051B285E2B005AA0FA /* pinOrange.png */; };
		B195380B1B285E2B005AA0FA /* pinPurple.png in Resources */ = {isa = PBXBuildFile; fileRef = B19538061B285E2B005AA0FA /* pinPurple.png */; };
		B195380C1B285E2B005AA0FA /* pinRed.png in Resources */ = {isa = PBXBuildFile; fileRef = B19538071B285E2B005AA0FA /* pinRed.png */; };
		B19FD94B1B2161C6003C08CA /* AppDelegate.swift in Sources */ = {isa = PBXBuildFile; fileRef = B19FD94A1B2161C6003C08CA /* AppDelegate.swift */; };
		B19FD94D1B2161C6003C08CA /* ViewController.swift in Sources */ = {isa = PBXBuildFile; fileRef = B19FD94C1B2161C6003C08CA /* ViewController.swift */; };
		B19FD9501B2161C6003C08CA /* Main.storyboard in Resources */ = {isa = PBXBuildFile; fileRef = B19FD94E1B2161C6003C08CA /* Main.storyboard */; };
		B19FD9521B2161C6003C08CA /* Images.xcassets in Resources */ = {isa = PBXBuildFile; fileRef = B19FD9511B2161C6003C08CA /* Images.xcassets */; };
		B19FD9551B2161C6003C08CA /* LaunchScreen.xib in Resources */ = {isa = PBXBuildFile; fileRef = B19FD9531B2161C6003C08CA /* LaunchScreen.xib */; };
		B19FD9611B2161C6003C08CA /* StumblrMapViewTests.swift in Sources */ = {isa = PBXBuildFile; fileRef = B19FD9601B2161C6003C08CA /* StumblrMapViewTests.swift */; };
		B19FD96B1B235B22003C08CA /* PinAnnotation.swift in Sources */ = {isa = PBXBuildFile; fileRef = B19FD96A1B235B22003C08CA /* PinAnnotation.swift */; };
		B1A670901B35380C0063B3D7 /* twitter.png in Resources */ = {isa = PBXBuildFile; fileRef = B1A6708F1B35380C0063B3D7 /* twitter.png */; };
		E02EA73ACF0C3D483FB4AFBF /* libPods.a in Frameworks */ = {isa = PBXBuildFile; fileRef = 344A7E2370CA28C6AF8B504C /* libPods.a */; };
/* End PBXBuildFile section */

/* Begin PBXContainerItemProxy section */
		B19FD95B1B2161C6003C08CA /* PBXContainerItemProxy */ = {
			isa = PBXContainerItemProxy;
			containerPortal = B19FD93D1B2161C5003C08CA /* Project object */;
			proxyType = 1;
			remoteGlobalIDString = B19FD9441B2161C6003C08CA;
			remoteInfo = StumblrMapView;
		};
/* End PBXContainerItemProxy section */

/* Begin PBXFileReference section */
		344A7E2370CA28C6AF8B504C /* libPods.a */ = {isa = PBXFileReference; explicitFileType = archive.ar; includeInIndex = 0; path = libPods.a; sourceTree = BUILT_PRODUCTS_DIR; };
		6A919B3CDADA36416B184318 /* Pods.debug.xcconfig */ = {isa = PBXFileReference; includeInIndex = 1; lastKnownFileType = text.xcconfig; name = Pods.debug.xcconfig; path = "Pods/Target Support Files/Pods/Pods.debug.xcconfig"; sourceTree = "<group>"; };
		A08C915B636408F00C8CEC6B /* Pods.release.xcconfig */ = {isa = PBXFileReference; includeInIndex = 1; lastKnownFileType = text.xcconfig; name = Pods.release.xcconfig; path = "Pods/Target Support Files/Pods/Pods.release.xcconfig"; sourceTree = "<group>"; };
		B12377801B32337F00EC7934 /* SliderImage.png */ = {isa = PBXFileReference; lastKnownFileType = image.png; name = SliderImage.png; path = ../../../../Downloads/SliderImage.png; sourceTree = "<group>"; };
		B12377821B325CA900EC7934 /* 000000-0.png */ = {isa = PBXFileReference; lastKnownFileType = image.png; name = "000000-0.png"; path = "../../../../Downloads/000000-0.png"; sourceTree = "<group>"; };
		B12377841B32672C00EC7934 /* darkest.png */ = {isa = PBXFileReference; lastKnownFileType = image.png; name = darkest.png; path = ../../../../Downloads/darkest.png; sourceTree = "<group>"; };
		B12377861B32689300EC7934 /* darker.png */ = {isa = PBXFileReference; lastKnownFileType = image.png; name = darker.png; path = ../../../../Downloads/darker.png; sourceTree = "<group>"; };
		B12377871B32689300EC7934 /* light.png */ = {isa = PBXFileReference; lastKnownFileType = image.png; name = light.png; path = ../../../../Downloads/light.png; sourceTree = "<group>"; };
		B12377881B32689300EC7934 /* lighter.png */ = {isa = PBXFileReference; lastKnownFileType = image.png; name = lighter.png; path = ../../../../Downloads/lighter.png; sourceTree = "<group>"; };
		B123778E1B326A0600EC7934 /* SliderImageBlue.png */ = {isa = PBXFileReference; lastKnownFileType = image.png; name = SliderImageBlue.png; path = ../../../../Downloads/SliderImageBlue.png; sourceTree = "<group>"; };
		B12377911B326A7A00EC7934 /* StumblrDarkBlueMapPin.png */ = {isa = PBXFileReference; lastKnownFileType = image.png; name = StumblrDarkBlueMapPin.png; path = ../../../../Downloads/StumblrDarkBlueMapPin.png; sourceTree = "<group>"; };
		B12377931B32725C00EC7934 /* ProfileCardView.swift */ = {isa = PBXFileReference; fileEncoding = 4; lastKnownFileType = sourcecode.swift; path = ProfileCardView.swift; sourceTree = "<group>"; };
		B17F812A1B37A69D00490783 /* Bolts.framework */ = {isa = PBXFileReference; lastKnownFileType = wrapper.framework; path = Bolts.framework; sourceTree = "<group>"; };
		B17F812B1B37A69D00490783 /* Parse.framework */ = {isa = PBXFileReference; lastKnownFileType = wrapper.framework; path = Parse.framework; sourceTree = "<group>"; };
		B17F812E1B37A73100490783 /* Accounts.framework */ = {isa = PBXFileReference; lastKnownFileType = wrapper.framework; name = Accounts.framework; path = System/Library/Frameworks/Accounts.framework; sourceTree = SDKROOT; };
		B17F81301B37A74000490783 /* AudioToolbox.framework */ = {isa = PBXFileReference; lastKnownFileType = wrapper.framework; name = AudioToolbox.framework; path = System/Library/Frameworks/AudioToolbox.framework; sourceTree = SDKROOT; };
		B17F81321B37A74900490783 /* CFNetwork.framework */ = {isa = PBXFileReference; lastKnownFileType = wrapper.framework; name = CFNetwork.framework; path = System/Library/Frameworks/CFNetwork.framework; sourceTree = SDKROOT; };
		B17F81341B37A75300490783 /* CoreGraphics.framework */ = {isa = PBXFileReference; lastKnownFileType = wrapper.framework; name = CoreGraphics.framework; path = System/Library/Frameworks/CoreGraphics.framework; sourceTree = SDKROOT; };
		B17F81361B37A75C00490783 /* CoreLocation.framework */ = {isa = PBXFileReference; lastKnownFileType = wrapper.framework; name = CoreLocation.framework; path = System/Library/Frameworks/CoreLocation.framework; sourceTree = SDKROOT; };
		B17F81381B37A76700490783 /* MobileCoreServices.framework */ = {isa = PBXFileReference; lastKnownFileType = wrapper.framework; name = MobileCoreServices.framework; path = System/Library/Frameworks/MobileCoreServices.framework; sourceTree = SDKROOT; };
		B17F813A1B37A76F00490783 /* QuartzCore.framework */ = {isa = PBXFileReference; lastKnownFileType = wrapper.framework; name = QuartzCore.framework; path = System/Library/Frameworks/QuartzCore.framework; sourceTree = SDKROOT; };
		B17F813C1B37A77900490783 /* Security.framework */ = {isa = PBXFileReference; lastKnownFileType = wrapper.framework; name = Security.framework; path = System/Library/Frameworks/Security.framework; sourceTree = SDKROOT; };
		B17F813E1B37A78B00490783 /* Social.framework */ = {isa = PBXFileReference; lastKnownFileType = wrapper.framework; name = Social.framework; path = System/Library/Frameworks/Social.framework; sourceTree = SDKROOT; };
		B17F81401B37A79700490783 /* StoreKit.framework */ = {isa = PBXFileReference; lastKnownFileType = wrapper.framework; name = StoreKit.framework; path = System/Library/Frameworks/StoreKit.framework; sourceTree = SDKROOT; };
		B17F81421B37A7A200490783 /* SystemConfiguration.framework */ = {isa = PBXFileReference; lastKnownFileType = wrapper.framework; name = SystemConfiguration.framework; path = System/Library/Frameworks/SystemConfiguration.framework; sourceTree = SDKROOT; };
		B17F81441B37A7AD00490783 /* libz.dylib */ = {isa = PBXFileReference; lastKnownFileType = "compiled.mach-o.dylib"; name = libz.dylib; path = usr/lib/libz.dylib; sourceTree = SDKROOT; };
		B17F81461B37A7B700490783 /* libsqlite3.dylib */ = {isa = PBXFileReference; lastKnownFileType = "compiled.mach-o.dylib"; name = libsqlite3.dylib; path = usr/lib/libsqlite3.dylib; sourceTree = SDKROOT; };
		B17F81481B37B6D900490783 /* MKMapViewExtension.swift */ = {isa = PBXFileReference; fileEncoding = 4; lastKnownFileType = sourcecode.swift; path = MKMapViewExtension.swift; sourceTree = "<group>"; };
		B181D2C61B3414EB0098B7C2 /* user.png */ = {isa = PBXFileReference; lastKnownFileType = image.png; path = user.png; sourceTree = "<group>"; };
		B19538011B285A04005AA0FA /* UIImageExtension.swift */ = {isa = PBXFileReference; fileEncoding = 4; lastKnownFileType = sourcecode.swift; path = UIImageExtension.swift; sourceTree = "<group>"; };
		B19538031B285E2B005AA0FA /* pinGray.png */ = {isa = PBXFileReference; lastKnownFileType = image.png; path = pinGray.png; sourceTree = "<group>"; };
		B19538041B285E2B005AA0FA /* pinGreen.png */ = {isa = PBXFileReference; lastKnownFileType = image.png; path = pinGreen.png; sourceTree = "<group>"; };
		B19538051B285E2B005AA0FA /* pinOrange.png */ = {isa = PBXFileReference; lastKnownFileType = image.png; path = pinOrange.png; sourceTree = "<group>"; };
		B19538061B285E2B005AA0FA /* pinPurple.png */ = {isa = PBXFileReference; lastKnownFileType = image.png; path = pinPurple.png; sourceTree = "<group>"; };
		B19538071B285E2B005AA0FA /* pinRed.png */ = {isa = PBXFileReference; lastKnownFileType = image.png; path = pinRed.png; sourceTree = "<group>"; };
		B19FD9451B2161C6003C08CA /* StumblrMapView.app */ = {isa = PBXFileReference; explicitFileType = wrapper.application; includeInIndex = 0; path = StumblrMapView.app; sourceTree = BUILT_PRODUCTS_DIR; };
		B19FD9491B2161C6003C08CA /* Info.plist */ = {isa = PBXFileReference; lastKnownFileType = text.plist.xml; path = Info.plist; sourceTree = "<group>"; };
		B19FD94A1B2161C6003C08CA /* AppDelegate.swift */ = {isa = PBXFileReference; lastKnownFileType = sourcecode.swift; path = AppDelegate.swift; sourceTree = "<group>"; };
		B19FD94C1B2161C6003C08CA /* ViewController.swift */ = {isa = PBXFileReference; lastKnownFileType = sourcecode.swift; path = ViewController.swift; sourceTree = "<group>"; };
		B19FD94F1B2161C6003C08CA /* Base */ = {isa = PBXFileReference; lastKnownFileType = file.storyboard; name = Base; path = Base.lproj/Main.storyboard; sourceTree = "<group>"; };
		B19FD9511B2161C6003C08CA /* Images.xcassets */ = {isa = PBXFileReference; lastKnownFileType = folder.assetcatalog; path = Images.xcassets; sourceTree = "<group>"; };
		B19FD9541B2161C6003C08CA /* Base */ = {isa = PBXFileReference; lastKnownFileType = file.xib; name = Base; path = Base.lproj/LaunchScreen.xib; sourceTree = "<group>"; };
		B19FD95A1B2161C6003C08CA /* StumblrMapViewTests.xctest */ = {isa = PBXFileReference; explicitFileType = wrapper.cfbundle; includeInIndex = 0; path = StumblrMapViewTests.xctest; sourceTree = BUILT_PRODUCTS_DIR; };
		B19FD95F1B2161C6003C08CA /* Info.plist */ = {isa = PBXFileReference; lastKnownFileType = text.plist.xml; path = Info.plist; sourceTree = "<group>"; };
		B19FD9601B2161C6003C08CA /* StumblrMapViewTests.swift */ = {isa = PBXFileReference; lastKnownFileType = sourcecode.swift; path = StumblrMapViewTests.swift; sourceTree = "<group>"; };
		B19FD96A1B235B22003C08CA /* PinAnnotation.swift */ = {isa = PBXFileReference; fileEncoding = 4; lastKnownFileType = sourcecode.swift; path = PinAnnotation.swift; sourceTree = "<group>"; };
		B19FD96C1B23668A003C08CA /* StumblrMapView-Bridging-Header.h */ = {isa = PBXFileReference; lastKnownFileType = sourcecode.c.h; path = "StumblrMapView-Bridging-Header.h"; sourceTree = "<group>"; };
		B1A6708F1B35380C0063B3D7 /* twitter.png */ = {isa = PBXFileReference; lastKnownFileType = image.png; path = twitter.png; sourceTree = "<group>"; };
/* End PBXFileReference section */

/* Begin PBXFrameworksBuildPhase section */
		B19FD9421B2161C6003C08CA /* Frameworks */ = {
			isa = PBXFrameworksBuildPhase;
			buildActionMask = 2147483647;
			files = (
				B17F81471B37A7B700490783 /* libsqlite3.dylib in Frameworks */,
				B17F81451B37A7AD00490783 /* libz.dylib in Frameworks */,
				B17F81431B37A7A200490783 /* SystemConfiguration.framework in Frameworks */,
				B17F81411B37A79700490783 /* StoreKit.framework in Frameworks */,
				B17F813F1B37A78B00490783 /* Social.framework in Frameworks */,
				B17F813D1B37A77900490783 /* Security.framework in Frameworks */,
				B17F813B1B37A76F00490783 /* QuartzCore.framework in Frameworks */,
				B17F81391B37A76700490783 /* MobileCoreServices.framework in Frameworks */,
				B17F81371B37A75C00490783 /* CoreLocation.framework in Frameworks */,
				B17F81351B37A75300490783 /* CoreGraphics.framework in Frameworks */,
				B17F81331B37A74900490783 /* CFNetwork.framework in Frameworks */,
				B17F81311B37A74000490783 /* AudioToolbox.framework in Frameworks */,
				B17F812F1B37A73100490783 /* Accounts.framework in Frameworks */,
				E02EA73ACF0C3D483FB4AFBF /* libPods.a in Frameworks */,
				B17F812D1B37A69D00490783 /* Parse.framework in Frameworks */,
				B17F812C1B37A69D00490783 /* Bolts.framework in Frameworks */,
			);
			runOnlyForDeploymentPostprocessing = 0;
		};
		B19FD9571B2161C6003C08CA /* Frameworks */ = {
			isa = PBXFrameworksBuildPhase;
			buildActionMask = 2147483647;
			files = (
			);
			runOnlyForDeploymentPostprocessing = 0;
		};
/* End PBXFrameworksBuildPhase section */

/* Begin PBXGroup section */
		2D7404AE958C803CDADD548E /* Pods */ = {
			isa = PBXGroup;
			children = (
				6A919B3CDADA36416B184318 /* Pods.debug.xcconfig */,
				A08C915B636408F00C8CEC6B /* Pods.release.xcconfig */,
			);
			name = Pods;
			sourceTree = "<group>";
		};
		B123778D1B3269C600EC7934 /* NewIMages */ = {
			isa = PBXGroup;
			children = (
				B123778E1B326A0600EC7934 /* SliderImageBlue.png */,
				B12377861B32689300EC7934 /* darker.png */,
				B12377841B32672C00EC7934 /* darkest.png */,
				B12377881B32689300EC7934 /* lighter.png */,
				B12377871B32689300EC7934 /* light.png */,
			);
			name = NewIMages;
			sourceTree = "<group>";
		};
		B12377901B326A5C00EC7934 /* LongPins */ = {
			isa = PBXGroup;
			children = (
				B12377911B326A7A00EC7934 /* StumblrDarkBlueMapPin.png */,
			);
			name = LongPins;
			sourceTree = "<group>";
		};
		B181D2C51B3414A00098B7C2 /* ProfilePictureImages */ = {
			isa = PBXGroup;
			children = (
				B1A6708F1B35380C0063B3D7 /* twitter.png */,
				B181D2C61B3414EB0098B7C2 /* user.png */,
			);
			name = ProfilePictureImages;
			sourceTree = "<group>";
		};
		B19FD93C1B2161C5003C08CA = {
			isa = PBXGroup;
			children = (
				B19FD9471B2161C6003C08CA /* StumblrMapView */,
				B19FD95D1B2161C6003C08CA /* StumblrMapViewTests */,
				B19FD9461B2161C6003C08CA /* Products */,
				2D7404AE958C803CDADD548E /* Pods */,
				EDC61641EC2CB84854ABD266 /* Frameworks */,
				B19FD96C1B23668A003C08CA /* StumblrMapView-Bridging-Header.h */,
			);
			sourceTree = "<group>";
		};
		B19FD9461B2161C6003C08CA /* Products */ = {
			isa = PBXGroup;
			children = (
				B19FD9451B2161C6003C08CA /* StumblrMapView.app */,
				B19FD95A1B2161C6003C08CA /* StumblrMapViewTests.xctest */,
			);
			name = Products;
			sourceTree = "<group>";
		};
		B19FD9471B2161C6003C08CA /* StumblrMapView */ = {
			isa = PBXGroup;
			children = (
				B19FD94A1B2161C6003C08CA /* AppDelegate.swift */,
				B19FD94C1B2161C6003C08CA /* ViewController.swift */,
				B17F81481B37B6D900490783 /* MKMapViewExtension.swift */,
				B19538011B285A04005AA0FA /* UIImageExtension.swift */,
				B19FD96A1B235B22003C08CA /* PinAnnotation.swift */,
				B12377931B32725C00EC7934 /* ProfileCardView.swift */,
				B19FD94E1B2161C6003C08CA /* Main.storyboard */,
				B19FD9511B2161C6003C08CA /* Images.xcassets */,
				B19FD9531B2161C6003C08CA /* LaunchScreen.xib */,
				B19FD9481B2161C6003C08CA /* Supporting Files */,
			);
			path = StumblrMapView;
			sourceTree = "<group>";
		};
		B19FD9481B2161C6003C08CA /* Supporting Files */ = {
			isa = PBXGroup;
			children = (
				B181D2C51B3414A00098B7C2 /* ProfilePictureImages */,
				B12377901B326A5C00EC7934 /* LongPins */,
				B123778D1B3269C600EC7934 /* NewIMages */,
				B12377821B325CA900EC7934 /* 000000-0.png */,
				B12377801B32337F00EC7934 /* SliderImage.png */,
				B19538031B285E2B005AA0FA /* pinGray.png */,
				B19538041B285E2B005AA0FA /* pinGreen.png */,
				B19538051B285E2B005AA0FA /* pinOrange.png */,
				B19538061B285E2B005AA0FA /* pinPurple.png */,
				B19538071B285E2B005AA0FA /* pinRed.png */,
				B19FD9491B2161C6003C08CA /* Info.plist */,
			);
			name = "Supporting Files";
			sourceTree = "<group>";
		};
		B19FD95D1B2161C6003C08CA /* StumblrMapViewTests */ = {
			isa = PBXGroup;
			children = (
				B19FD9601B2161C6003C08CA /* StumblrMapViewTests.swift */,
				B19FD95E1B2161C6003C08CA /* Supporting Files */,
			);
			path = StumblrMapViewTests;
			sourceTree = "<group>";
		};
		B19FD95E1B2161C6003C08CA /* Supporting Files */ = {
			isa = PBXGroup;
			children = (
				B19FD95F1B2161C6003C08CA /* Info.plist */,
			);
			name = "Supporting Files";
			sourceTree = "<group>";
		};
		EDC61641EC2CB84854ABD266 /* Frameworks */ = {
			isa = PBXGroup;
			children = (
				B17F81461B37A7B700490783 /* libsqlite3.dylib */,
				B17F81441B37A7AD00490783 /* libz.dylib */,
				B17F81421B37A7A200490783 /* SystemConfiguration.framework */,
				B17F81401B37A79700490783 /* StoreKit.framework */,
				B17F813E1B37A78B00490783 /* Social.framework */,
				B17F813C1B37A77900490783 /* Security.framework */,
				B17F813A1B37A76F00490783 /* QuartzCore.framework */,
				B17F81381B37A76700490783 /* MobileCoreServices.framework */,
				B17F81361B37A75C00490783 /* CoreLocation.framework */,
				B17F81341B37A75300490783 /* CoreGraphics.framework */,
				B17F81321B37A74900490783 /* CFNetwork.framework */,
				B17F81301B37A74000490783 /* AudioToolbox.framework */,
				B17F812E1B37A73100490783 /* Accounts.framework */,
				B17F812A1B37A69D00490783 /* Bolts.framework */,
				B17F812B1B37A69D00490783 /* Parse.framework */,
				344A7E2370CA28C6AF8B504C /* libPods.a */,
			);
			name = Frameworks;
			sourceTree = "<group>";
		};
/* End PBXGroup section */

/* Begin PBXNativeTarget section */
		B19FD9441B2161C6003C08CA /* StumblrMapView */ = {
			isa = PBXNativeTarget;
			buildConfigurationList = B19FD9641B2161C6003C08CA /* Build configuration list for PBXNativeTarget "StumblrMapView" */;
			buildPhases = (
				C3C4104A0F1CBD3C0DD4BF1B /* Check Pods Manifest.lock */,
				B19FD9411B2161C6003C08CA /* Sources */,
				B19FD9421B2161C6003C08CA /* Frameworks */,
				B19FD9431B2161C6003C08CA /* Resources */,
				33395B94A0F4976B852D7138 /* Copy Pods Resources */,
			);
			buildRules = (
			);
			dependencies = (
			);
			name = StumblrMapView;
			productName = StumblrMapView;
			productReference = B19FD9451B2161C6003C08CA /* StumblrMapView.app */;
			productType = "com.apple.product-type.application";
		};
		B19FD9591B2161C6003C08CA /* StumblrMapViewTests */ = {
			isa = PBXNativeTarget;
			buildConfigurationList = B19FD9671B2161C6003C08CA /* Build configuration list for PBXNativeTarget "StumblrMapViewTests" */;
			buildPhases = (
				B19FD9561B2161C6003C08CA /* Sources */,
				B19FD9571B2161C6003C08CA /* Frameworks */,
				B19FD9581B2161C6003C08CA /* Resources */,
			);
			buildRules = (
			);
			dependencies = (
				B19FD95C1B2161C6003C08CA /* PBXTargetDependency */,
			);
			name = StumblrMapViewTests;
			productName = StumblrMapViewTests;
			productReference = B19FD95A1B2161C6003C08CA /* StumblrMapViewTests.xctest */;
			productType = "com.apple.product-type.bundle.unit-test";
		};
/* End PBXNativeTarget section */

/* Begin PBXProject section */
		B19FD93D1B2161C5003C08CA /* Project object */ = {
			isa = PBXProject;
			attributes = {
				LastUpgradeCheck = 0630;
				ORGANIZATIONNAME = "Venkata Vijay";
				TargetAttributes = {
					B19FD9441B2161C6003C08CA = {
						CreatedOnToolsVersion = 6.3.2;
					};
					B19FD9591B2161C6003C08CA = {
						CreatedOnToolsVersion = 6.3.2;
						TestTargetID = B19FD9441B2161C6003C08CA;
					};
				};
			};
			buildConfigurationList = B19FD9401B2161C5003C08CA /* Build configuration list for PBXProject "StumblrMapView" */;
			compatibilityVersion = "Xcode 3.2";
			developmentRegion = English;
			hasScannedForEncodings = 0;
			knownRegions = (
				en,
				Base,
			);
			mainGroup = B19FD93C1B2161C5003C08CA;
			productRefGroup = B19FD9461B2161C6003C08CA /* Products */;
			projectDirPath = "";
			projectRoot = "";
			targets = (
				B19FD9441B2161C6003C08CA /* StumblrMapView */,
				B19FD9591B2161C6003C08CA /* StumblrMapViewTests */,
			);
		};
/* End PBXProject section */

/* Begin PBXResourcesBuildPhase section */
		B19FD9431B2161C6003C08CA /* Resources */ = {
			isa = PBXResourcesBuildPhase;
			buildActionMask = 2147483647;
			files = (
				B12377851B32672C00EC7934 /* darkest.png in Resources */,
				B1A670901B35380C0063B3D7 /* twitter.png in Resources */,
				B12377831B325CA900EC7934 /* 000000-0.png in Resources */,
				B19538081B285E2B005AA0FA /* pinGray.png in Resources */,
				B195380A1B285E2B005AA0FA /* pinOrange.png in Resources */,
				B12377921B326A7A00EC7934 /* StumblrDarkBlueMapPin.png in Resources */,
				B19FD9501B2161C6003C08CA /* Main.storyboard in Resources */,
				B123778A1B32689300EC7934 /* light.png in Resources */,
				B19FD9551B2161C6003C08CA /* LaunchScreen.xib in Resources */,
				B123778B1B32689300EC7934 /* lighter.png in Resources */,
				B19FD9521B2161C6003C08CA /* Images.xcassets in Resources */,
				B19538091B285E2B005AA0FA /* pinGreen.png in Resources */,
				B195380B1B285E2B005AA0FA /* pinPurple.png in Resources */,
				B12377811B32337F00EC7934 /* SliderImage.png in Resources */,
				B12377891B32689300EC7934 /* darker.png in Resources */,
				B181D2C71B3414EB0098B7C2 /* user.png in Resources */,
				B195380C1B285E2B005AA0FA /* pinRed.png in Resources */,
				B123778F1B326A0600EC7934 /* SliderImageBlue.png in Resources */,
			);
			runOnlyForDeploymentPostprocessing = 0;
		};
		B19FD9581B2161C6003C08CA /* Resources */ = {
			isa = PBXResourcesBuildPhase;
			buildActionMask = 2147483647;
			files = (
			);
			runOnlyForDeploymentPostprocessing = 0;
		};
/* End PBXResourcesBuildPhase section */

/* Begin PBXShellScriptBuildPhase section */
		33395B94A0F4976B852D7138 /* Copy Pods Resources */ = {
			isa = PBXShellScriptBuildPhase;
			buildActionMask = 2147483647;
			files = (
			);
			inputPaths = (
			);
			name = "Copy Pods Resources";
			outputPaths = (
			);
			runOnlyForDeploymentPostprocessing = 0;
			shellPath = /bin/sh;
			shellScript = "\"${SRCROOT}/Pods/Target Support Files/Pods/Pods-resources.sh\"\n";
			showEnvVarsInLog = 0;
		};
		C3C4104A0F1CBD3C0DD4BF1B /* Check Pods Manifest.lock */ = {
			isa = PBXShellScriptBuildPhase;
			buildActionMask = 2147483647;
			files = (
			);
			inputPaths = (
			);
			name = "Check Pods Manifest.lock";
			outputPaths = (
			);
			runOnlyForDeploymentPostprocessing = 0;
			shellPath = /bin/sh;
			shellScript = "diff \"${PODS_ROOT}/../Podfile.lock\" \"${PODS_ROOT}/Manifest.lock\" > /dev/null\nif [[ $? != 0 ]] ; then\n    cat << EOM\nerror: The sandbox is not in sync with the Podfile.lock. Run 'pod install' or update your CocoaPods installation.\nEOM\n    exit 1\nfi\n";
			showEnvVarsInLog = 0;
		};
/* End PBXShellScriptBuildPhase section */

/* Begin PBXSourcesBuildPhase section */
		B19FD9411B2161C6003C08CA /* Sources */ = {
			isa = PBXSourcesBuildPhase;
			buildActionMask = 2147483647;
			files = (
				B19FD94D1B2161C6003C08CA /* ViewController.swift in Sources */,
				B19FD96B1B235B22003C08CA /* PinAnnotation.swift in Sources */,
				B19538021B285A04005AA0FA /* UIImageExtension.swift in Sources */,
				B17F81491B37B6D900490783 /* MKMapViewExtension.swift in Sources */,
				B12377941B32725C00EC7934 /* ProfileCardView.swift in Sources */,
				B19FD94B1B2161C6003C08CA /* AppDelegate.swift in Sources */,
			);
			runOnlyForDeploymentPostprocessing = 0;
		};
		B19FD9561B2161C6003C08CA /* Sources */ = {
			isa = PBXSourcesBuildPhase;
			buildActionMask = 2147483647;
			files = (
				B19FD9611B2161C6003C08CA /* StumblrMapViewTests.swift in Sources */,
			);
			runOnlyForDeploymentPostprocessing = 0;
		};
/* End PBXSourcesBuildPhase section */

/* Begin PBXTargetDependency section */
		B19FD95C1B2161C6003C08CA /* PBXTargetDependency */ = {
			isa = PBXTargetDependency;
			target = B19FD9441B2161C6003C08CA /* StumblrMapView */;
			targetProxy = B19FD95B1B2161C6003C08CA /* PBXContainerItemProxy */;
		};
/* End PBXTargetDependency section */

/* Begin PBXVariantGroup section */
		B19FD94E1B2161C6003C08CA /* Main.storyboard */ = {
			isa = PBXVariantGroup;
			children = (
				B19FD94F1B2161C6003C08CA /* Base */,
			);
			name = Main.storyboard;
			sourceTree = "<group>";
		};
		B19FD9531B2161C6003C08CA /* LaunchScreen.xib */ = {
			isa = PBXVariantGroup;
			children = (
				B19FD9541B2161C6003C08CA /* Base */,
			);
			name = LaunchScreen.xib;
			sourceTree = "<group>";
		};
/* End PBXVariantGroup section */

/* Begin XCBuildConfiguration section */
		B19FD9621B2161C6003C08CA /* Debug */ = {
			isa = XCBuildConfiguration;
			buildSettings = {
				ALWAYS_SEARCH_USER_PATHS = NO;
				CLANG_CXX_LANGUAGE_STANDARD = "gnu++0x";
				CLANG_CXX_LIBRARY = "libc++";
				CLANG_ENABLE_MODULES = YES;
				CLANG_ENABLE_OBJC_ARC = YES;
				CLANG_WARN_BOOL_CONVERSION = YES;
				CLANG_WARN_CONSTANT_CONVERSION = YES;
				CLANG_WARN_DIRECT_OBJC_ISA_USAGE = YES_ERROR;
				CLANG_WARN_EMPTY_BODY = YES;
				CLANG_WARN_ENUM_CONVERSION = YES;
				CLANG_WARN_INT_CONVERSION = YES;
				CLANG_WARN_OBJC_ROOT_CLASS = YES_ERROR;
				CLANG_WARN_UNREACHABLE_CODE = YES;
				CLANG_WARN__DUPLICATE_METHOD_MATCH = YES;
				"CODE_SIGN_IDENTITY[sdk=iphoneos*]" = "iPhone Developer";
				COPY_PHASE_STRIP = NO;
				DEBUG_INFORMATION_FORMAT = "dwarf-with-dsym";
				ENABLE_STRICT_OBJC_MSGSEND = YES;
				GCC_C_LANGUAGE_STANDARD = gnu99;
				GCC_DYNAMIC_NO_PIC = NO;
				GCC_NO_COMMON_BLOCKS = YES;
				GCC_OPTIMIZATION_LEVEL = 0;
				GCC_PREPROCESSOR_DEFINITIONS = (
					"DEBUG=1",
					"$(inherited)",
				);
				GCC_SYMBOLS_PRIVATE_EXTERN = NO;
				GCC_WARN_64_TO_32_BIT_CONVERSION = YES;
				GCC_WARN_ABOUT_RETURN_TYPE = YES_ERROR;
				GCC_WARN_UNDECLARED_SELECTOR = YES;
				GCC_WARN_UNINITIALIZED_AUTOS = YES_AGGRESSIVE;
				GCC_WARN_UNUSED_FUNCTION = YES;
				GCC_WARN_UNUSED_VARIABLE = YES;
				IPHONEOS_DEPLOYMENT_TARGET = 8.3;
				MTL_ENABLE_DEBUG_INFO = YES;
				ONLY_ACTIVE_ARCH = YES;
				SDKROOT = iphoneos;
				SWIFT_OPTIMIZATION_LEVEL = "-Onone";
				TARGETED_DEVICE_FAMILY = "1,2";
			};
			name = Debug;
		};
		B19FD9631B2161C6003C08CA /* Release */ = {
			isa = XCBuildConfiguration;
			buildSettings = {
				ALWAYS_SEARCH_USER_PATHS = NO;
				CLANG_CXX_LANGUAGE_STANDARD = "gnu++0x";
				CLANG_CXX_LIBRARY = "libc++";
				CLANG_ENABLE_MODULES = YES;
				CLANG_ENABLE_OBJC_ARC = YES;
				CLANG_WARN_BOOL_CONVERSION = YES;
				CLANG_WARN_CONSTANT_CONVERSION = YES;
				CLANG_WARN_DIRECT_OBJC_ISA_USAGE = YES_ERROR;
				CLANG_WARN_EMPTY_BODY = YES;
				CLANG_WARN_ENUM_CONVERSION = YES;
				CLANG_WARN_INT_CONVERSION = YES;
				CLANG_WARN_OBJC_ROOT_CLASS = YES_ERROR;
				CLANG_WARN_UNREACHABLE_CODE = YES;
				CLANG_WARN__DUPLICATE_METHOD_MATCH = YES;
				"CODE_SIGN_IDENTITY[sdk=iphoneos*]" = "iPhone Developer";
				COPY_PHASE_STRIP = NO;
				DEBUG_INFORMATION_FORMAT = "dwarf-with-dsym";
				ENABLE_NS_ASSERTIONS = NO;
				ENABLE_STRICT_OBJC_MSGSEND = YES;
				GCC_C_LANGUAGE_STANDARD = gnu99;
				GCC_NO_COMMON_BLOCKS = YES;
				GCC_WARN_64_TO_32_BIT_CONVERSION = YES;
				GCC_WARN_ABOUT_RETURN_TYPE = YES_ERROR;
				GCC_WARN_UNDECLARED_SELECTOR = YES;
				GCC_WARN_UNINITIALIZED_AUTOS = YES_AGGRESSIVE;
				GCC_WARN_UNUSED_FUNCTION = YES;
				GCC_WARN_UNUSED_VARIABLE = YES;
				IPHONEOS_DEPLOYMENT_TARGET = 8.3;
				MTL_ENABLE_DEBUG_INFO = NO;
				SDKROOT = iphoneos;
				TARGETED_DEVICE_FAMILY = "1,2";
				VALIDATE_PRODUCT = YES;
			};
			name = Release;
		};
		B19FD9651B2161C6003C08CA /* Debug */ = {
			isa = XCBuildConfiguration;
			baseConfigurationReference = 6A919B3CDADA36416B184318 /* Pods.debug.xcconfig */;
			buildSettings = {
				ASSETCATALOG_COMPILER_APPICON_NAME = AppIcon;
				CLANG_ENABLE_MODULES = YES;
				FRAMEWORK_SEARCH_PATHS = (
					"$(inherited)",
					"$(PROJECT_DIR)",
				);
				INFOPLIST_FILE = StumblrMapView/Info.plist;
				LD_RUNPATH_SEARCH_PATHS = "$(inherited) @executable_path/Frameworks";
				PRODUCT_NAME = "$(TARGET_NAME)";
				SWIFT_OBJC_BRIDGING_HEADER = "StumblrMapView-Bridging-Header.h";
				SWIFT_OPTIMIZATION_LEVEL = "-Onone";
			};
			name = Debug;
		};
		B19FD9661B2161C6003C08CA /* Release */ = {
			isa = XCBuildConfiguration;
			baseConfigurationReference = A08C915B636408F00C8CEC6B /* Pods.release.xcconfig */;
			buildSettings = {
				ASSETCATALOG_COMPILER_APPICON_NAME = AppIcon;
				CLANG_ENABLE_MODULES = YES;
				FRAMEWORK_SEARCH_PATHS = (
					"$(inherited)",
					"$(PROJECT_DIR)",
				);
				INFOPLIST_FILE = StumblrMapView/Info.plist;
				LD_RUNPATH_SEARCH_PATHS = "$(inherited) @executable_path/Frameworks";
				PRODUCT_NAME = "$(TARGET_NAME)";
				SWIFT_OBJC_BRIDGING_HEADER = "StumblrMapView-Bridging-Header.h";
			};
			name = Release;
		};
		B19FD9681B2161C6003C08CA /* Debug */ = {
			isa = XCBuildConfiguration;
			buildSettings = {
				BUNDLE_LOADER = "$(TEST_HOST)";
				FRAMEWORK_SEARCH_PATHS = (
					"$(SDKROOT)/Developer/Library/Frameworks",
					"$(inherited)",
				);
				GCC_PREPROCESSOR_DEFINITIONS = (
					"DEBUG=1",
					"$(inherited)",
				);
				INFOPLIST_FILE = StumblrMapViewTests/Info.plist;
				LD_RUNPATH_SEARCH_PATHS = "$(inherited) @executable_path/Frameworks @loader_path/Frameworks";
				PRODUCT_NAME = "$(TARGET_NAME)";
				TEST_HOST = "$(BUILT_PRODUCTS_DIR)/StumblrMapView.app/StumblrMapView";
			};
			name = Debug;
		};
		B19FD9691B2161C6003C08CA /* Release */ = {
			isa = XCBuildConfiguration;
			buildSettings = {
				BUNDLE_LOADER = "$(TEST_HOST)";
				FRAMEWORK_SEARCH_PATHS = (
					"$(SDKROOT)/Developer/Library/Frameworks",
					"$(inherited)",
				);
				INFOPLIST_FILE = StumblrMapViewTests/Info.plist;
				LD_RUNPATH_SEARCH_PATHS = "$(inherited) @executable_path/Frameworks @loader_path/Frameworks";
				PRODUCT_NAME = "$(TARGET_NAME)";
				TEST_HOST = "$(BUILT_PRODUCTS_DIR)/StumblrMapView.app/StumblrMapView";
			};
			name = Release;
		};
/* End XCBuildConfiguration section */

/* Begin XCConfigurationList section */
		B19FD9401B2161C5003C08CA /* Build configuration list for PBXProject "StumblrMapView" */ = {
			isa = XCConfigurationList;
			buildConfigurations = (
				B19FD9621B2161C6003C08CA /* Debug */,
				B19FD9631B2161C6003C08CA /* Release */,
			);
			defaultConfigurationIsVisible = 0;
			defaultConfigurationName = Release;
		};
		B19FD9641B2161C6003C08CA /* Build configuration list for PBXNativeTarget "StumblrMapView" */ = {
			isa = XCConfigurationList;
			buildConfigurations = (
				B19FD9651B2161C6003C08CA /* Debug */,
				B19FD9661B2161C6003C08CA /* Release */,
			);
			defaultConfigurationIsVisible = 0;
			defaultConfigurationName = Release;
		};
		B19FD9671B2161C6003C08CA /* Build configuration list for PBXNativeTarget "StumblrMapViewTests" */ = {
			isa = XCConfigurationList;
			buildConfigurations = (
				B19FD9681B2161C6003C08CA /* Debug */,
				B19FD9691B2161C6003C08CA /* Release */,
			);
			defaultConfigurationIsVisible = 0;
			defaultConfigurationName = Release;
		};
/* End XCConfigurationList section */
	};
	rootObject = B19FD93D1B2161C5003C08CA /* Project object */;
}
